{
  "name": "wasmoon",
  "version": "1.0.0",
  "lockfileVersion": 1,
  "requires": true,
  "dependencies": {
    "@types/emscripten": {
      "version": "1.39.4",
      "resolved": "https://registry.npmjs.org/@types/emscripten/-/emscripten-1.39.4.tgz",
      "integrity": "sha512-k3LLVMFrdNA9UCvMDPWMbFrGPNb+GcPyw29ktJTo1RCN7RmxFG5XzPZcPKRlnLuLT/FRm8wp4ohvDwNY7GlROQ=="
    },
    "@types/node": {
      "version": "14.14.6",
      "resolved": "https://registry.npmjs.org/@types/node/-/node-14.14.6.tgz",
      "integrity": "sha512-6QlRuqsQ/Ox/aJEQWBEJG7A9+u7oSYl3mem/K8IzxXG/kAGbV1YPD9Bg9Zw3vyxC/YP+zONKwy8hGkSt1jxFMw=="
    },
    "typescript": {
      "version": "4.0.5",
      "resolved": "https://registry.npmjs.org/typescript/-/typescript-4.0.5.tgz",
      "integrity": "sha512-ywmr/VrTVCmNTJ6iV2LwIrfG1P+lv6luD8sUJs+2eI9NLGigaN+nUQc13iHqisq7bra9lnmUSYqbJvegraBOPQ=="
    }
  }
}
